github.com/crgimenes/devengine v0.0.6 h1:Nbt14f3X+BnQu/MltGuRZIr+1ga+jOshqamRYDZ0miM=
github.com/crgimenes/devengine v0.0.6/go.mod h1:xgGlILhvnbVPI2v6zz7cdcLBhYQ6SE3CAE0KrtVBrFI=
github.com/crgimenes/filo v0.0.7 h1:Q/aYfzGPJY1LTVoWW+PN2aXHhJX6dYXt47x4uj7ZkUY=
github.com/crgimenes/filo v0.0.7/go.mod h1:yPh0f5RhNPhqbjN7LmRVu/+c2oVu5KyQFFG07bHPxbk=
github.com/crgimenes/filo v0.0.8 h1:eABZ0SLjfw6cPXGnf3TKLqsXIXkXNXG3McoYp+hqw5w=
github.com/crgimenes/filo v0.0.8/go.mod h1:ybmoxJJ6g19V+6rAVMdelO/CoUZTFyXAXKgRofqCpaE=
github.com/crgimenes/glaze v0.0.14 h1:MPbWF6kHoY3xfk9fxt46lVtYppY3kUmeDuYHHc7pYxU=
github.com/crgimenes/glaze v0.0.14/go.mod h1:6/B73WEVz5UAgXTr1Rq7zsdNLnZiJbG23V189lZ8fVw=
github.com/ebitengine/purego v0.10.0 h1:QIw4xfpWT6GWTzaW5XEKy3HXoqrJGx1ijYHzTF0/ISU=
github.com/ebitengine/purego v0.10.0/go.mod h1:iIjxzd6CiRiOG0UyXP+V1+jWqUXVjPKLAI0mRfJZTmQ=
golang.org/x/crypto v0.49.0 h1:+Ng2ULVvLHnJ/ZFEq4KdcDd/cfjrrjjNSXNzxg0Y4U4=
golang.org/x/crypto v0.49.0/go.mod h1:ErX4dUh2UM+CFYiXZRTcMpEcN8b/1gxEuv3nODoYtCA=
golang.org/x/sys v0.42.0 h1:omrd2nAlyT5ESRdCLYdm3+fMfNFE/+Rf4bDIQImRJeo=
golang.org/x/sys v0.42.0/go.mod h1:4GL1E5IUh+htKOUEOaiffhrAeqysfVGipDYzABqnCmw=
