github.com/crgimenes/devengine v0.0.6 h1:Nbt14f3X+BnQu/MltGuRZIr+1ga+jOshqamRYDZ0miM=
github.com/crgimenes/devengine v0.0.6/go.mod h1:xgGlILhvnbVPI2v6zz7cdcLBhYQ6SE3CAE0KrtVBrFI=
github.com/crgimenes/glaze v0.0.7 h1:dfI2TtbrkqjZXvopsp1tFCSNg5H6ImCBmYNLUkIQOD0=
github.com/crgimenes/glaze v0.0.7/go.mod h1:K/N/9uTQ4J199o0OotoNd1fA+8HFnWZznnXz2SpAKqc=
github.com/ebitengine/purego v0.10.0 h1:QIw4xfpWT6GWTzaW5XEKy3HXoqrJGx1ijYHzTF0/ISU=
github.com/ebitengine/purego v0.10.0/go.mod h1:iIjxzd6CiRiOG0UyXP+V1+jWqUXVjPKLAI0mRfJZTmQ=
